
Microsoft Visual Studio Solution File, Format Version 12.00
# Visual Studio Version 17
VisualStudioVersion = 17.11.35312.102
MinimumVisualStudioVersion = 10.0.40219.1
Project("{FAE04EC0-301F-11D3-BF4B-00C04F79EFBC}") = "dothi_test2", "dothi_test2\dothi_test2.csproj", "{2FAA0AA5-ED13-4C25-8514-BF38539A8954}"
EndProject
Global
	GlobalSection(SolutionConfigurationPlatforms) = preSolution
		Debug|Any CPU = Debug|Any CPU
		Release|Any CPU = Release|Any CPU
	EndGlobalSection
	GlobalSection(ProjectConfigurationPlatforms) = postSolution
		{2FAA0AA5-ED13-4C25-8514-BF38539A8954}.Debug|Any CPU.ActiveCfg = Debug|Any CPU
		{2FAA0AA5-ED13-4C25-8514-BF38539A8954}.Debug|Any CPU.Build.0 = Debug|Any CPU
		{2FAA0AA5-ED13-4C25-8514-BF38539A8954}.Release|Any CPU.ActiveCfg = Release|Any CPU
		{2FAA0AA5-ED13-4C25-8514-BF38539A8954}.Release|Any CPU.Build.0 = Release|Any CPU
	EndGlobalSection
	GlobalSection(SolutionProperties) = preSolution
		HideSolutionNode = FALSE
	EndGlobalSection
	GlobalSection(ExtensibilityGlobals) = postSolution
		SolutionGuid = {076C389D-C5B6-4032-BB44-4D3A1E00946A}
	EndGlobalSection
EndGlobal
